
Microsoft Visual Studio Solution File, Format Version 12.00
# Visual Studio Version 17
VisualStudioVersion = 17.9.34728.123
MinimumVisualStudioVersion = 10.0.40219.1
Project("{FAE04EC0-301F-11D3-BF4B-00C04F79EFBC}") = "NoFunWithVisualStudio", "NoFunWithVisualStudio\NoFunWithVisualStudio.csproj", "{D2336F8C-8276-426F-905E-D5647775BDC3}"
EndProject
Global
	GlobalSection(SolutionConfigurationPlatforms) = preSolution
		Debug|Any CPU = Debug|Any CPU
		Release|Any CPU = Release|Any CPU
	EndGlobalSection
	GlobalSection(ProjectConfigurationPlatforms) = postSolution
		{D2336F8C-8276-426F-905E-D5647775BDC3}.Debug|Any CPU.ActiveCfg = Debug|Any CPU
		{D2336F8C-8276-426F-905E-D5647775BDC3}.Debug|Any CPU.Build.0 = Debug|Any CPU
		{D2336F8C-8276-426F-905E-D5647775BDC3}.Release|Any CPU.ActiveCfg = Release|Any CPU
		{D2336F8C-8276-426F-905E-D5647775BDC3}.Release|Any CPU.Build.0 = Release|Any CPU
	EndGlobalSection
	GlobalSection(SolutionProperties) = preSolution
		HideSolutionNode = FALSE
	EndGlobalSection
	GlobalSection(ExtensibilityGlobals) = postSolution
		SolutionGuid = {D5DE5D1A-132A-4877-ABB0-070E48BC0AB2}
	EndGlobalSection
EndGlobal
